// !$*UTF8*$!
{
	archiveVersion = 1;
	classes = {
	};
	objectVersion = 50;
	objects = {

/* Begin PBXBuildFile section */
		910000B92447D6A000071CC0 /* AppDelegate.m in Sources */ = {isa = PBXBuildFile; fileRef = 910000B82447D6A000071CC0 /* AppDelegate.m */; };
		910000BC2447D6A000071CC0 /* SceneDelegate.m in Sources */ = {isa = PBXBuildFile; fileRef = 910000BB2447D6A000071CC0 /* SceneDelegate.m */; };
		910000BF2447D6A000071CC0 /* ViewController.m in Sources */ = {isa = PBXBuildFile; fileRef = 910000BE2447D6A000071CC0 /* ViewController.m */; };
		910000C22447D6A000071CC0 /* Main.storyboard in Resources */ = {isa = PBXBuildFile; fileRef = 910000C02447D6A000071CC0 /* Main.storyboard */; };
		910000C42447D6A400071CC0 /* Assets.xcassets in Resources */ = {isa = PBXBuildFile; fileRef = 910000C32447D6A400071CC0 /* Assets.xcassets */; };
		910000C72447D6A400071CC0 /* LaunchScreen.storyboard in Resources */ = {isa = PBXBuildFile; fileRef = 910000C52447D6A400071CC0 /* LaunchScreen.storyboard */; };
		910000CA2447D6A400071CC0 /* main.m in Sources */ = {isa = PBXBuildFile; fileRef = 910000C92447D6A400071CC0 /* main.m */; };
/* End PBXBuildFile section */

/* Begin PBXFileReference section */
		910000B42447D6A000071CC0 /* CoreAnimation_Dynamic.app */ = {isa = PBXFileReference; explicitFileType = wrapper.application; includeInIndex = 0; path = CoreAnimation_Dynamic.app; sourceTree = BUILT_PRODUCTS_DIR; };
		910000B72447D6A000071CC0 /* AppDelegate.h */ = {isa = PBXFileReference; lastKnownFileType = sourcecode.c.h; path = AppDelegate.h; sourceTree = "<group>"; };
		910000B82447D6A000071CC0 /* AppDelegate.m */ = {isa = PBXFileReference; lastKnownFileType = sourcecode.c.objc; path = AppDelegate.m; sourceTree = "<group>"; };
		910000BA2447D6A000071CC0 /* SceneDelegate.h */ = {isa = PBXFileReference; lastKnownFileType = sourcecode.c.h; path = SceneDelegate.h; sourceTree = "<group>"; };
		910000BB2447D6A000071CC0 /* SceneDelegate.m */ = {isa = PBXFileReference; lastKnownFileType = sourcecode.c.objc; path = SceneDelegate.m; sourceTree = "<group>"; };
		910000BD2447D6A000071CC0 /* ViewController.h */ = {isa = PBXFileReference; lastKnownFileType = sourcecode.c.h; path = ViewController.h; sourceTree = "<group>"; };
		910000BE2447D6A000071CC0 /* ViewController.m */ = {isa = PBXFileReference; lastKnownFileType = sourcecode.c.objc; path = ViewController.m; sourceTree = "<group>"; };
		910000C12447D6A000071CC0 /* Base */ = {isa = PBXFileReference; lastKnownFileType = file.storyboard; name = Base; path = Base.lproj/Main.storyboard; sourceTree = "<group>"; };
		910000C32447D6A400071CC0 /* Assets.xcassets */ = {isa = PBXFileReference; lastKnownFileType = folder.assetcatalog; path = Assets.xcassets; sourceTree = "<group>"; };
		910000C62447D6A400071CC0 /* Base */ = {isa = PBXFileReference; lastKnownFileType = file.storyboard; name = Base; path = Base.lproj/LaunchScreen.storyboard; sourceTree = "<group>"; };
		910000C82447D6A400071CC0 /* Info.plist */ = {isa = PBXFileReference; lastKnownFileType = text.plist.xml; path = Info.plist; sourceTree = "<group>"; };
		910000C92447D6A400071CC0 /* main.m */ = {isa = PBXFileReference; lastKnownFileType = sourcecode.c.objc; path = main.m; sourceTree = "<group>"; };
/* End PBXFileReference section */

/* Begin PBXFrameworksBuildPhase section */
		910000B12447D6A000071CC0 /* Frameworks */ = {
			isa = PBXFrameworksBuildPhase;
			buildActionMask = 2147483647;
			files = (
			);
			runOnlyForDeploymentPostprocessing = 0;
		};
/* End PBXFrameworksBuildPhase section */

/* Begin PBXGroup section */
		910000AB2447D6A000071CC0 = {
			isa = PBXGroup;
			children = (
				910000B62447D6A000071CC0 /* CoreAnimation_Dynamic */,
				910000B52447D6A000071CC0 /* Products */,
			);
			sourceTree = "<group>";
		};
		910000B52447D6A000071CC0 /* Products */ = {
			isa = PBXGroup;
			children = (
				910000B42447D6A000071CC0 /* CoreAnimation_Dynamic.app */,
			);
			name = Products;
			sourceTree = "<group>";
		};
		910000B62447D6A000071CC0 /* CoreAnimation_Dynamic */ = {
			isa = PBXGroup;
			children = (
				910000B72447D6A000071CC0 /* AppDelegate.h */,
				910000B82447D6A000071CC0 /* AppDelegate.m */,
				910000BA2447D6A000071CC0 /* SceneDelegate.h */,
				910000BB2447D6A000071CC0 /* SceneDelegate.m */,
				910000BD2447D6A000071CC0 /* ViewController.h */,
				910000BE2447D6A000071CC0 /* ViewController.m */,
				910000C02447D6A000071CC0 /* Main.storyboard */,
				910000C32447D6A400071CC0 /* Assets.xcassets */,
				910000C52447D6A400071CC0 /* LaunchScreen.storyboard */,
				910000C82447D6A400071CC0 /* Info.plist */,
				910000C92447D6A400071CC0 /* main.m */,
			);
			path = CoreAnimation_Dynamic;
			sourceTree = "<group>";
		};
/* End PBXGroup section */

/* Begin PBXNativeTarget section */
		910000B32447D6A000071CC0 /* CoreAnimation_Dynamic */ = {
			isa = PBXNativeTarget;
			buildConfigurationList = 910000CD2447D6A400071CC0 /* Build configuration list for PBXNativeTarget "CoreAnimation_Dynamic" */;
			buildPhases = (
				910000B02447D6A000071CC0 /* Sources */,
				910000B12447D6A000071CC0 /* Frameworks */,
				910000B22447D6A000071CC0 /* Resources */,
			);
			buildRules = (
			);
			dependencies = (
			);
			name = CoreAnimation_Dynamic;
			productName = CoreAnimation_Dynamic;
			productReference = 910000B42447D6A000071CC0 /* CoreAnimation_Dynamic.app */;
			productType = "com.apple.product-type.application";
		};
/* End PBXNativeTarget section */

/* Begin PBXProject section */
		910000AC2447D6A000071CC0 /* Project object */ = {
			isa = PBXProject;
			attributes = {
				LastUpgradeCheck = 1130;
				ORGANIZATIONNAME = zhf;
				TargetAttributes = {
					910000B32447D6A000071CC0 = {
						CreatedOnToolsVersion = 11.3.1;
					};
				};
			};
			buildConfigurationList = 910000AF2447D6A000071CC0 /* Build configuration list for PBXProject "CoreAnimation_Dynamic" */;
			compatibilityVersion = "Xcode 9.3";
			developmentRegion = en;
			hasScannedForEncodings = 0;
			knownRegions = (
				en,
				Base,
			);
			mainGroup = 910000AB2447D6A000071CC0;
			productRefGroup = 910000B52447D6A000071CC0 /* Products */;
			projectDirPath = "";
			projectRoot = "";
			targets = (
				910000B32447D6A000071CC0 /* CoreAnimation_Dynamic */,
			);
		};
/* End PBXProject section */

/* Begin PBXResourcesBuildPhase section */
		910000B22447D6A000071CC0 /* Resources */ = {
			isa = PBXResourcesBuildPhase;
			buildActionMask = 2147483647;
			files = (
				910000C72447D6A400071CC0 /* LaunchScreen.storyboard in Resources */,
				910000C42447D6A400071CC0 /* Assets.xcassets in Resources */,
				910000C22447D6A000071CC0 /* Main.storyboard in Resources */,
			);
			runOnlyForDeploymentPostprocessing = 0;
		};
/* End PBXResourcesBuildPhase section */

/* Begin PBXSourcesBuildPhase section */
		910000B02447D6A000071CC0 /* Sources */ = {
			isa = PBXSourcesBuildPhase;
			buildActionMask = 2147483647;
			files = (
				910000BF2447D6A000071CC0 /* ViewController.m in Sources */,
				910000B92447D6A000071CC0 /* AppDelegate.m in Sources */,
				910000CA2447D6A400071CC0 /* main.m in Sources */,
				910000BC2447D6A000071CC0 /* SceneDelegate.m in Sources */,
			);
			runOnlyForDeploymentPostprocessing = 0;
		};
/* End PBXSourcesBuildPhase section */

/* Begin PBXVariantGroup section */
		910000C02447D6A000071CC0 /* Main.storyboard */ = {
			isa = PBXVariantGroup;
			children = (
				910000C12447D6A000071CC0 /* Base */,
			);
			name = Main.storyboard;
			sourceTree = "<group>";
		};
		910000C52447D6A400071CC0 /* LaunchScreen.storyboard */ = {
			isa = PBXVariantGroup;
			children = (
				910000C62447D6A400071CC0 /* Base */,
			);
			name = LaunchScreen.storyboard;
			sourceTree = "<group>";
		};
/* End PBXVariantGroup section */

/* Begin XCBuildConfiguration section */
		910000CB2447D6A400071CC0 /* Debug */ = {
			isa = XCBuildConfiguration;
			buildSettings = {
				ALWAYS_SEARCH_USER_PATHS = NO;
				CLANG_ANALYZER_NONNULL = YES;
				CLANG_ANALYZER_NUMBER_OBJECT_CONVERSION = YES_AGGRESSIVE;
				CLANG_CXX_LANGUAGE_STANDARD = "gnu++14";
				CLANG_CXX_LIBRARY = "libc++";
				CLANG_ENABLE_MODULES = YES;
				CLANG_ENABLE_OBJC_ARC = YES;
				CLANG_ENABLE_OBJC_WEAK = YES;
				CLANG_WARN_BLOCK_CAPTURE_AUTORELEASING = YES;
				CLANG_WARN_BOOL_CONVERSION = YES;
				CLANG_WARN_COMMA = YES;
				CLANG_WARN_CONSTANT_CONVERSION = YES;
				CLANG_WARN_DEPRECATED_OBJC_IMPLEMENTATIONS = YES;
				CLANG_WARN_DIRECT_OBJC_ISA_USAGE = YES_ERROR;
				CLANG_WARN_DOCUMENTATION_COMMENTS = YES;
				CLANG_WARN_EMPTY_BODY = YES;
				CLANG_WARN_ENUM_CONVERSION = YES;
				CLANG_WARN_INFINITE_RECURSION = YES;
				CLANG_WARN_INT_CONVERSION = YES;
				CLANG_WARN_NON_LITERAL_NULL_CONVERSION = YES;
				CLANG_WARN_OBJC_IMPLICIT_RETAIN_SELF = YES;
				CLANG_WARN_OBJC_LITERAL_CONVERSION = YES;
				CLANG_WARN_OBJC_ROOT_CLASS = YES_ERROR;
				CLANG_WARN_RANGE_LOOP_ANALYSIS = YES;
				CLANG_WARN_STRICT_PROTOTYPES = YES;
				CLANG_WARN_SUSPICIOUS_MOVE = YES;
				CLANG_WARN_UNGUARDED_AVAILABILITY = YES_AGGRESSIVE;
				CLANG_WARN_UNREACHABLE_CODE = YES;
				CLANG_WARN__DUPLICATE_METHOD_MATCH = YES;
				COPY_PHASE_STRIP = NO;
				DEBUG_INFORMATION_FORMAT = dwarf;
				ENABLE_STRICT_OBJC_MSGSEND = YES;
				ENABLE_TESTABILITY = YES;
				GCC_C_LANGUAGE_STANDARD = gnu11;
				GCC_DYNAMIC_NO_PIC = NO;
				GCC_NO_COMMON_BLOCKS = YES;
				GCC_OPTIMIZATION_LEVEL = 0;
				GCC_PREPROCESSOR_DEFINITIONS = (
					"DEBUG=1",
					"$(inherited)",
				);
				GCC_WARN_64_TO_32_BIT_CONVERSION = YES;
				GCC_WARN_ABOUT_RETURN_TYPE = YES_ERROR;
				GCC_WARN_UNDECLARED_SELECTOR = YES;
				GCC_WARN_UNINITIALIZED_AUTOS = YES_AGGRESSIVE;
				GCC_WARN_UNUSED_FUNCTION = YES;
				GCC_WARN_UNUSED_VARIABLE = YES;
				IPHONEOS_DEPLOYMENT_TARGET = 13.2;
				MTL_ENABLE_DEBUG_INFO = INCLUDE_SOURCE;
				MTL_FAST_MATH = YES;
				ONLY_ACTIVE_ARCH = YES;
				SDKROOT = iphoneos;
			};
			name = Debug;
		};
		910000CC2447D6A400071CC0 /* Release */ = {
			isa = XCBuildConfiguration;
			buildSettings = {
				ALWAYS_SEARCH_USER_PATHS = NO;
				CLANG_ANALYZER_NONNULL = YES;
				CLANG_ANALYZER_NUMBER_OBJECT_CONVERSION = YES_AGGRESSIVE;
				CLANG_CXX_LANGUAGE_STANDARD = "gnu++14";
				CLANG_CXX_LIBRARY = "libc++";
				CLANG_ENABLE_MODULES = YES;
				CLANG_ENABLE_OBJC_ARC = YES;
				CLANG_ENABLE_OBJC_WEAK = YES;
				CLANG_WARN_BLOCK_CAPTURE_AUTORELEASING = YES;
				CLANG_WARN_BOOL_CONVERSION = YES;
				CLANG_WARN_COMMA = YES;
				CLANG_WARN_CONSTANT_CONVERSION = YES;
				CLANG_WARN_DEPRECATED_OBJC_IMPLEMENTATIONS = YES;
				CLANG_WARN_DIRECT_OBJC_ISA_USAGE = YES_ERROR;
				CLANG_WARN_DOCUMENTATION_COMMENTS = YES;
				CLANG_WARN_EMPTY_BODY = YES;
				CLANG_WARN_ENUM_CONVERSION = YES;
				CLANG_WARN_INFINITE_RECURSION = YES;
				CLANG_WARN_INT_CONVERSION = YES;
				CLANG_WARN_NON_LITERAL_NULL_CONVERSION = YES;
				CLANG_WARN_OBJC_IMPLICIT_RETAIN_SELF = YES;
				CLANG_WARN_OBJC_LITERAL_CONVERSION = YES;
				CLANG_WARN_OBJC_ROOT_CLASS = YES_ERROR;
				CLANG_WARN_RANGE_LOOP_ANALYSIS = YES;
				CLANG_WARN_STRICT_PROTOTYPES = YES;
				CLANG_WARN_SUSPICIOUS_MOVE = YES;
				CLANG_WARN_UNGUARDED_AVAILABILITY = YES_AGGRESSIVE;
				CLANG_WARN_UNREACHABLE_CODE = YES;
				CLANG_WARN__DUPLICATE_METHOD_MATCH = YES;
				COPY_PHASE_STRIP = NO;
				DEBUG_INFORMATION_FORMAT = "dwarf-with-dsym";
				ENABLE_NS_ASSERTIONS = NO;
				ENABLE_STRICT_OBJC_MSGSEND = YES;
				GCC_C_LANGUAGE_STANDARD = gnu11;
				GCC_NO_COMMON_BLOCKS = YES;
				GCC_WARN_64_TO_32_BIT_CONVERSION = YES;
				GCC_WARN_ABOUT_RETURN_TYPE = YES_ERROR;
				GCC_WARN_UNDECLARED_SELECTOR = YES;
				GCC_WARN_UNINITIALIZED_AUTOS = YES_AGGRESSIVE;
				GCC_WARN_UNUSED_FUNCTION = YES;
				GCC_WARN_UNUSED_VARIABLE = YES;
				IPHONEOS_DEPLOYMENT_TARGET = 13.2;
				MTL_ENABLE_DEBUG_INFO = NO;
				MTL_FAST_MATH = YES;
				SDKROOT = iphoneos;
				VALIDATE_PRODUCT = YES;
			};
			name = Release;
		};
		910000CE2447D6A400071CC0 /* Debug */ = {
			isa = XCBuildConfiguration;
			buildSettings = {
				ASSETCATALOG_COMPILER_APPICON_NAME = AppIcon;
				CODE_SIGN_STYLE = Automatic;
				DEVELOPMENT_TEAM = C7UNH8293N;
				INFOPLIST_FILE = CoreAnimation_Dynamic/Info.plist;
				LD_RUNPATH_SEARCH_PATHS = (
					"$(inherited)",
					"@executable_path/Frameworks",
				);
				PRODUCT_BUNDLE_IDENTIFIER = "zhf.CoreAnimation-Dynamic";
				PRODUCT_NAME = "$(TARGET_NAME)";
				TARGETED_DEVICE_FAMILY = "1,2";
			};
			name = Debug;
		};
		910000CF2447D6A400071CC0 /* Release */ = {
			isa = XCBuildConfiguration;
			buildSettings = {
				ASSETCATALOG_COMPILER_APPICON_NAME = AppIcon;
				CODE_SIGN_STYLE = Automatic;
				DEVELOPMENT_TEAM = C7UNH8293N;
				INFOPLIST_FILE = CoreAnimation_Dynamic/Info.plist;
				LD_RUNPATH_SEARCH_PATHS = (
					"$(inherited)",
					"@executable_path/Frameworks",
				);
				PRODUCT_BUNDLE_IDENTIFIER = "zhf.CoreAnimation-Dynamic";
				PRODUCT_NAME = "$(TARGET_NAME)";
				TARGETED_DEVICE_FAMILY = "1,2";
			};
			name = Release;
		};
/* End XCBuildConfiguration section */

/* Begin XCConfigurationList section */
		910000AF2447D6A000071CC0 /* Build configuration list for PBXProject "CoreAnimation_Dynamic" */ = {
			isa = XCConfigurationList;
			buildConfigurations = (
				910000CB2447D6A400071CC0 /* Debug */,
				910000CC2447D6A400071CC0 /* Release */,
			);
			defaultConfigurationIsVisible = 0;
			defaultConfigurationName = Release;
		};
		910000CD2447D6A400071CC0 /* Build configuration list for PBXNativeTarget "CoreAnimation_Dynamic" */ = {
			isa = XCConfigurationList;
			buildConfigurations = (
				910000CE2447D6A400071CC0 /* Debug */,
				910000CF2447D6A400071CC0 /* Release */,
			);
			defaultConfigurationIsVisible = 0;
			defaultConfigurationName = Release;
		};
/* End XCConfigurationList section */
	};
	rootObject = 910000AC2447D6A000071CC0 /* Project object */;
}
